
Microsoft Visual Studio Solution File, Format Version 12.00
Project("{FAE04EC0-301F-11D3-BF4B-00C04F79EFBC}") = "PassiveCallouts", "PassiveCallouts\PassiveCallouts.csproj", "{ABA1FE28-D435-4F30-B42A-081B422960F1}"
EndProject
Global
	GlobalSection(SolutionConfigurationPlatforms) = preSolution
		Debug|Any CPU = Debug|Any CPU
		Release|Any CPU = Release|Any CPU
	EndGlobalSection
	GlobalSection(ProjectConfigurationPlatforms) = postSolution
		{ABA1FE28-D435-4F30-B42A-081B422960F1}.Debug|Any CPU.ActiveCfg = Debug|Any CPU
		{ABA1FE28-D435-4F30-B42A-081B422960F1}.Debug|Any CPU.Build.0 = Debug|Any CPU
		{ABA1FE28-D435-4F30-B42A-081B422960F1}.Release|Any CPU.ActiveCfg = Release|Any CPU
		{ABA1FE28-D435-4F30-B42A-081B422960F1}.Release|Any CPU.Build.0 = Release|Any CPU
	EndGlobalSection
EndGlobal
